
Microsoft Visual Studio Solution File, Format Version 12.00
# Visual Studio Version 17
VisualStudioVersion = 17.0.31919.166
MinimumVisualStudioVersion = 10.0.40219.1
Project("{FAE04EC0-301F-11D3-BF4B-00C04F79EFBC}") = "ProcessInfo", "ProcessInfo\ProcessInfo.csproj", "{7AAED9F5-ACEA-44C4-8C84-3718C568CAE0}"
EndProject
Global
	GlobalSection(SolutionConfigurationPlatforms) = preSolution
		Debug|Any CPU = Debug|Any CPU
		Release|Any CPU = Release|Any CPU
	EndGlobalSection
	GlobalSection(ProjectConfigurationPlatforms) = postSolution
		{7AAED9F5-ACEA-44C4-8C84-3718C568CAE0}.Debug|Any CPU.ActiveCfg = Debug|Any CPU
		{7AAED9F5-ACEA-44C4-8C84-3718C568CAE0}.Debug|Any CPU.Build.0 = Debug|Any CPU
		{7AAED9F5-ACEA-44C4-8C84-3718C568CAE0}.Release|Any CPU.ActiveCfg = Release|Any CPU
		{7AAED9F5-ACEA-44C4-8C84-3718C568CAE0}.Release|Any CPU.Build.0 = Release|Any CPU
	EndGlobalSection
	GlobalSection(SolutionProperties) = preSolution
		HideSolutionNode = FALSE
	EndGlobalSection
	GlobalSection(ExtensibilityGlobals) = postSolution
		SolutionGuid = {5FBC80F5-1EA2-4DAF-B015-DF50FE4D633E}
	EndGlobalSection
EndGlobal
